
Microsoft Visual Studio Solution File, Format Version 12.00
# Visual Studio Version 16
VisualStudioVersion = 16.0.810.9
MinimumVisualStudioVersion = 10.0.40219.1
Project("{FAE04EC0-301F-11D3-BF4B-00C04F79EFBC}") = "BTTH2.Android", "BTTH2.Android\BTTH2.Android.csproj", "{4A5F319E-3D01-4B64-897F-600186B034D3}"
EndProject
Project("{FAE04EC0-301F-11D3-BF4B-00C04F79EFBC}") = "BTTH2", "BTTH2\BTTH2.csproj", "{DA4C7539-19A6-4099-A7F2-1B213F795B30}"
EndProject
Global
	GlobalSection(SolutionConfigurationPlatforms) = preSolution
		Debug|Any CPU = Debug|Any CPU
		Release|Any CPU = Release|Any CPU
	EndGlobalSection
	GlobalSection(ProjectConfigurationPlatforms) = postSolution
		{4A5F319E-3D01-4B64-897F-600186B034D3}.Debug|Any CPU.ActiveCfg = Debug|Any CPU
		{4A5F319E-3D01-4B64-897F-600186B034D3}.Debug|Any CPU.Build.0 = Debug|Any CPU
		{4A5F319E-3D01-4B64-897F-600186B034D3}.Release|Any CPU.ActiveCfg = Release|Any CPU
		{4A5F319E-3D01-4B64-897F-600186B034D3}.Release|Any CPU.Build.0 = Release|Any CPU
		{DA4C7539-19A6-4099-A7F2-1B213F795B30}.Debug|Any CPU.ActiveCfg = Debug|Any CPU
		{DA4C7539-19A6-4099-A7F2-1B213F795B30}.Debug|Any CPU.Build.0 = Debug|Any CPU
		{DA4C7539-19A6-4099-A7F2-1B213F795B30}.Release|Any CPU.ActiveCfg = Release|Any CPU
		{DA4C7539-19A6-4099-A7F2-1B213F795B30}.Release|Any CPU.Build.0 = Release|Any CPU
	EndGlobalSection
	GlobalSection(SolutionProperties) = preSolution
		HideSolutionNode = FALSE
	EndGlobalSection
	GlobalSection(ExtensibilityGlobals) = postSolution
		SolutionGuid = {180C6A73-1A6C-4696-883A-D9785645FE25}
	EndGlobalSection
EndGlobal
